
Microsoft Visual Studio Solution File, Format Version 12.00
# Visual Studio Version 16
VisualStudioVersion = 16.6.30114.105
MinimumVisualStudioVersion = 10.0.40219.1
Project("{9A19103F-16F7-4668-BE54-9A1E7A4F7556}") = "HtmlBuilderDemo", "HtmlBuilderDemo.csproj", "{5F54B5F7-588E-403F-9F0C-E53700E17E15}"
EndProject
Global
	GlobalSection(SolutionConfigurationPlatforms) = preSolution
		Debug|Any CPU = Debug|Any CPU
		Debug|x64 = Debug|x64
		Debug|x86 = Debug|x86
		Release|Any CPU = Release|Any CPU
		Release|x64 = Release|x64
		Release|x86 = Release|x86
	EndGlobalSection
	GlobalSection(ProjectConfigurationPlatforms) = postSolution
		{5F54B5F7-588E-403F-9F0C-E53700E17E15}.Debug|Any CPU.ActiveCfg = Debug|Any CPU
		{5F54B5F7-588E-403F-9F0C-E53700E17E15}.Debug|Any CPU.Build.0 = Debug|Any CPU
		{5F54B5F7-588E-403F-9F0C-E53700E17E15}.Debug|x64.ActiveCfg = Debug|Any CPU
		{5F54B5F7-588E-403F-9F0C-E53700E17E15}.Debug|x64.Build.0 = Debug|Any CPU
		{5F54B5F7-588E-403F-9F0C-E53700E17E15}.Debug|x86.ActiveCfg = Debug|Any CPU
		{5F54B5F7-588E-403F-9F0C-E53700E17E15}.Debug|x86.Build.0 = Debug|Any CPU
		{5F54B5F7-588E-403F-9F0C-E53700E17E15}.Release|Any CPU.ActiveCfg = Release|Any CPU
		{5F54B5F7-588E-403F-9F0C-E53700E17E15}.Release|Any CPU.Build.0 = Release|Any CPU
		{5F54B5F7-588E-403F-9F0C-E53700E17E15}.Release|x64.ActiveCfg = Release|Any CPU
		{5F54B5F7-588E-403F-9F0C-E53700E17E15}.Release|x64.Build.0 = Release|Any CPU
		{5F54B5F7-588E-403F-9F0C-E53700E17E15}.Release|x86.ActiveCfg = Release|Any CPU
		{5F54B5F7-588E-403F-9F0C-E53700E17E15}.Release|x86.Build.0 = Release|Any CPU
	EndGlobalSection
	GlobalSection(SolutionProperties) = preSolution
		HideSolutionNode = FALSE
	EndGlobalSection
	GlobalSection(ExtensibilityGlobals) = postSolution
		SolutionGuid = {F7AA03B4-A1DE-4E96-A65E-D9A9C93ECD63}
	EndGlobalSection
EndGlobal
